
Microsoft Visual Studio Solution File, Format Version 12.00
# Visual Studio Version 17
VisualStudioVersion = 17.4.33213.308
MinimumVisualStudioVersion = 10.0.40219.1
Project("{FAE04EC0-301F-11D3-BF4B-00C04F79EFBC}") = "minesweeper", "minesweeper\minesweeper.csproj", "{AF01D372-BE3D-4D61-907E-FC8AE37192CD}"
EndProject
Global
	GlobalSection(SolutionConfigurationPlatforms) = preSolution
		Debug|Any CPU = Debug|Any CPU
		Release|Any CPU = Release|Any CPU
	EndGlobalSection
	GlobalSection(ProjectConfigurationPlatforms) = postSolution
		{AF01D372-BE3D-4D61-907E-FC8AE37192CD}.Debug|Any CPU.ActiveCfg = Debug|Any CPU
		{AF01D372-BE3D-4D61-907E-FC8AE37192CD}.Debug|Any CPU.Build.0 = Debug|Any CPU
		{AF01D372-BE3D-4D61-907E-FC8AE37192CD}.Release|Any CPU.ActiveCfg = Release|Any CPU
		{AF01D372-BE3D-4D61-907E-FC8AE37192CD}.Release|Any CPU.Build.0 = Release|Any CPU
	EndGlobalSection
	GlobalSection(SolutionProperties) = preSolution
		HideSolutionNode = FALSE
	EndGlobalSection
	GlobalSection(ExtensibilityGlobals) = postSolution
		SolutionGuid = {84FC775D-632E-478D-A20A-834385A65389}
	EndGlobalSection
EndGlobal
